{
  "name": "math",
  "version": "1.0.0",
  "lockfileVersion": 1,
  "requires": true,
  "dependencies": {
    "oddoreven": {
      "version": "1.2.1",
      "resolved": "https://registry.npmjs.org/oddoreven/-/oddoreven-1.2.1.tgz",
      "integrity": "sha512-TKS9O7eqCu25tG93xtU0uYc+qllyrI4CFb3M8Em+K8q/RiUnWPMuHQ+s9qKZjtE+ky1Qc9I3841c7wXY5C+k9w=="
    }
  }
}
